{
  "version": 4,
  "terraform_version": "1.9.0",
  "serial": 248,
  "lineage": "af82c2f0-79ce-80c5-87f3-404ee0ea4d7d",
  "outputs": {
    "external_ip_address_vm0": {
      "value": "84.201.134.110",
      "type": "string"
    },
    "external_ip_address_vm1": {
      "value": "158.160.112.213",
      "type": "string"
    },
    "internal_ip_address_vm0": {
      "value": "192.168.10.8",
      "type": "string"
    },
    "internal_ip_address_vm1": {
      "value": "192.168.10.24",
      "type": "string"
    },
    "load_balancer": {
      "value": [
        {
          "external_address_spec": [
            {
              "address": "158.160.138.218",
              "ip_version": "ipv4"
            }
          ],
          "internal_address_spec": [],
          "name": "my-lb1",
          "port": 80,
          "protocol": "tcp",
          "target_port": 80
        }
      ],
      "type": [
        "set",
        [
          "object",
          {
            "external_address_spec": [
              "set",
              [
                "object",
                {
                  "address": "string",
                  "ip_version": "string"
                }
              ]
            ],
            "internal_address_spec": [
              "set",
              [
                "object",
                {
                  "address": "string",
                  "ip_version": "string",
                  "subnet_id": "string"
                }
              ]
            ],
            "name": "string",
            "port": "number",
            "protocol": "string",
            "target_port": "number"
          }
        ]
      ]
    }
  },
  "resources": [
    {
      "mode": "managed",
      "type": "yandex_compute_instance",
      "name": "vm",
      "provider": "provider[\"registry.terraform.io/yandex-cloud/yandex\"]",
      "instances": [
        {
          "index_key": 0,
          "schema_version": 1,
          "attributes": {
            "allow_recreate": null,
            "allow_stopping_for_update": null,
            "boot_disk": [
              {
                "auto_delete": true,
                "device_name": "fhm6creo6r06l3dl7heo",
                "disk_id": "fhm6creo6r06l3dl7heo",
                "initialize_params": [
                  {
                    "block_size": 4096,
                    "description": "",
                    "image_id": "fd833v6c5tb0udvk4jo6",
                    "name": "",
                    "size": 8,
                    "snapshot_id": "",
                    "type": "network-hdd"
                  }
                ],
                "mode": "READ_WRITE"
              }
            ],
            "created_at": "2024-06-02T15:56:10Z",
            "description": "",
            "filesystem": [],
            "folder_id": "b1gj6ia0559mol9ufg9k",
            "fqdn": "fhm895hqqa3g4c6stm4b.auto.internal",
            "gpu_cluster_id": "",
            "hostname": "",
            "id": "fhm895hqqa3g4c6stm4b",
            "labels": {},
            "local_disk": [],
            "maintenance_grace_period": "",
            "maintenance_policy": null,
            "metadata": {
              "user-data": "#cloud-config\nusers:\n  - name: seregin\n    groups: sudo\n    shell: /bin/bash\n    sudo: ['ALL=(ALL) NOPASSWD:ALL']\n    ssh-authorized-keys:\n      - ssh-rsa AAAAB3NzaC1yc2EAAAADAQABAAABgQC/I41NVxm9GUd30S6qr0A4X8kyvx5o1T7CCIN5oIGYao5ve/xIi38m68UTqsLv5HhqPft9K8Ws9BZZmZnV6jQzo5ViB3doZbuOU1JVPjg+aQODvMaFnStYPuNNqWy5qRjfsAdfvsc1wMitklyxNDRZiEDdVCSZ6e5/Zol/pFehTTpWzKFrrQou5iC9y9R/1+ojqpWH19jrl+/F4ixwqsO7aG+1lH8DukFaaKa+QrKo1gAGxH6Fe+f0YXfy7rKhaK9mQhrPDu1dauNnQrFP3UqDU/XPBu8F2xVO4vYYscYrW58Ox7vaLynudgu1SmbLyQA3LNSxlojSzyEtu/RsbN5vMLP7/ZzA5zAN1YTQi4SsSQICIzkJQJIZEUU3UCFaHtcFk8BsFeBe2g9/LnC+WpuZ70N+8xOLNV7CQXNJba9/yrIZbfm1AA2dZjPfGdewHfD+6n0PVbS1chKcErGjCUWhFsPY9A4D4B9azxkSvUAXARJKzWN9ZalyFtJln06rVYE= seregin@msk-s3-arm076\n"
            },
            "metadata_options": [
              {
                "aws_v1_http_endpoint": 1,
                "aws_v1_http_token": 2,
                "gce_http_endpoint": 1,
                "gce_http_token": 1
              }
            ],
            "name": "vm0",
            "network_acceleration_type": "standard",
            "network_interface": [
              {
                "dns_record": [],
                "index": 0,
                "ip_address": "192.168.10.8",
                "ipv4": true,
                "ipv6": false,
                "ipv6_address": "",
                "ipv6_dns_record": [],
                "mac_address": "d0:0d:84:96:3a:d2",
                "nat": true,
                "nat_dns_record": [],
                "nat_ip_address": "84.201.134.110",
                "nat_ip_version": "IPV4",
                "security_group_ids": [],
                "subnet_id": "e9b9tpt6dju158oiii25"
              }
            ],
            "placement_policy": [
              {
                "host_affinity_rules": [],
                "placement_group_id": "",
                "placement_group_partition": 0
              }
            ],
            "platform_id": "standard-v1",
            "resources": [
              {
                "core_fraction": 5,
                "cores": 2,
                "gpus": 0,
                "memory": 2
              }
            ],
            "scheduling_policy": [
              {
                "preemptible": true
              }
            ],
            "secondary_disk": [],
            "service_account_id": "",
            "status": "running",
            "timeouts": null,
            "zone": "ru-central1-a"
          },
          "sensitive_attributes": [],
          "private": "eyJlMmJmYjczMC1lY2FhLTExZTYtOGY4OC0zNDM2M2JjN2M0YzAiOnsiY3JlYXRlIjozMDAwMDAwMDAwMDAsImRlbGV0ZSI6MzAwMDAwMDAwMDAwLCJ1cGRhdGUiOjMwMDAwMDAwMDAwMH0sInNjaGVtYV92ZXJzaW9uIjoiMSJ9",
          "dependencies": [
            "yandex_vpc_network.network-1",
            "yandex_vpc_subnet.subnet-1"
          ]
        },
        {
          "index_key": 1,
          "schema_version": 1,
          "attributes": {
            "allow_recreate": null,
            "allow_stopping_for_update": null,
            "boot_disk": [
              {
                "auto_delete": true,
                "device_name": "fhm13t6c4ep7s0ju9jfv",
                "disk_id": "fhm13t6c4ep7s0ju9jfv",
                "initialize_params": [
                  {
                    "block_size": 4096,
                    "description": "",
                    "image_id": "fd833v6c5tb0udvk4jo6",
                    "name": "",
                    "size": 8,
                    "snapshot_id": "",
                    "type": "network-hdd"
                  }
                ],
                "mode": "READ_WRITE"
              }
            ],
            "created_at": "2024-06-02T15:56:10Z",
            "description": "",
            "filesystem": [],
            "folder_id": "b1gj6ia0559mol9ufg9k",
            "fqdn": "fhmolnppo8tej45pnkia.auto.internal",
            "gpu_cluster_id": "",
            "hostname": "",
            "id": "fhmolnppo8tej45pnkia",
            "labels": {},
            "local_disk": [],
            "maintenance_grace_period": "",
            "maintenance_policy": null,
            "metadata": {
              "user-data": "#cloud-config\nusers:\n  - name: seregin\n    groups: sudo\n    shell: /bin/bash\n    sudo: ['ALL=(ALL) NOPASSWD:ALL']\n    ssh-authorized-keys:\n      - ssh-rsa AAAAB3NzaC1yc2EAAAADAQABAAABgQC/I41NVxm9GUd30S6qr0A4X8kyvx5o1T7CCIN5oIGYao5ve/xIi38m68UTqsLv5HhqPft9K8Ws9BZZmZnV6jQzo5ViB3doZbuOU1JVPjg+aQODvMaFnStYPuNNqWy5qRjfsAdfvsc1wMitklyxNDRZiEDdVCSZ6e5/Zol/pFehTTpWzKFrrQou5iC9y9R/1+ojqpWH19jrl+/F4ixwqsO7aG+1lH8DukFaaKa+QrKo1gAGxH6Fe+f0YXfy7rKhaK9mQhrPDu1dauNnQrFP3UqDU/XPBu8F2xVO4vYYscYrW58Ox7vaLynudgu1SmbLyQA3LNSxlojSzyEtu/RsbN5vMLP7/ZzA5zAN1YTQi4SsSQICIzkJQJIZEUU3UCFaHtcFk8BsFeBe2g9/LnC+WpuZ70N+8xOLNV7CQXNJba9/yrIZbfm1AA2dZjPfGdewHfD+6n0PVbS1chKcErGjCUWhFsPY9A4D4B9azxkSvUAXARJKzWN9ZalyFtJln06rVYE= seregin@msk-s3-arm076\n"
            },
            "metadata_options": [
              {
                "aws_v1_http_endpoint": 1,
                "aws_v1_http_token": 2,
                "gce_http_endpoint": 1,
                "gce_http_token": 1
              }
            ],
            "name": "vm1",
            "network_acceleration_type": "standard",
            "network_interface": [
              {
                "dns_record": [],
                "index": 0,
                "ip_address": "192.168.10.24",
                "ipv4": true,
                "ipv6": false,
                "ipv6_address": "",
                "ipv6_dns_record": [],
                "mac_address": "d0:0d:18:ad:f3:9c",
                "nat": true,
                "nat_dns_record": [],
                "nat_ip_address": "158.160.112.213",
                "nat_ip_version": "IPV4",
                "security_group_ids": [],
                "subnet_id": "e9b9tpt6dju158oiii25"
              }
            ],
            "placement_policy": [
              {
                "host_affinity_rules": [],
                "placement_group_id": "",
                "placement_group_partition": 0
              }
            ],
            "platform_id": "standard-v1",
            "resources": [
              {
                "core_fraction": 5,
                "cores": 2,
                "gpus": 0,
                "memory": 2
              }
            ],
            "scheduling_policy": [
              {
                "preemptible": true
              }
            ],
            "secondary_disk": [],
            "service_account_id": "",
            "status": "running",
            "timeouts": null,
            "zone": "ru-central1-a"
          },
          "sensitive_attributes": [],
          "private": "eyJlMmJmYjczMC1lY2FhLTExZTYtOGY4OC0zNDM2M2JjN2M0YzAiOnsiY3JlYXRlIjozMDAwMDAwMDAwMDAsImRlbGV0ZSI6MzAwMDAwMDAwMDAwLCJ1cGRhdGUiOjMwMDAwMDAwMDAwMH0sInNjaGVtYV92ZXJzaW9uIjoiMSJ9",
          "dependencies": [
            "yandex_vpc_network.network-1",
            "yandex_vpc_subnet.subnet-1"
          ]
        }
      ]
    },
    {
      "mode": "managed",
      "type": "yandex_lb_network_load_balancer",
      "name": "lb-1",
      "provider": "provider[\"registry.terraform.io/yandex-cloud/yandex\"]",
      "instances": [
        {
          "schema_version": 0,
          "attributes": {
            "attached_target_group": [
              {
                "healthcheck": [
                  {
                    "healthy_threshold": 2,
                    "http_options": [
                      {
                        "path": "/",
                        "port": 80
                      }
                    ],
                    "interval": 2,
                    "name": "http",
                    "tcp_options": [],
                    "timeout": 1,
                    "unhealthy_threshold": 2
                  }
                ],
                "target_group_id": "enpiudv2mlo21gqgln9f"
              }
            ],
            "created_at": "2024-06-02T15:56:08Z",
            "deletion_protection": false,
            "description": "",
            "folder_id": "b1gj6ia0559mol9ufg9k",
            "id": "enp84ubpmv2lrd1vtf3k",
            "labels": {},
            "listener": [
              {
                "external_address_spec": [
                  {
                    "address": "158.160.138.218",
                    "ip_version": "ipv4"
                  }
                ],
                "internal_address_spec": [],
                "name": "my-lb1",
                "port": 80,
                "protocol": "tcp",
                "target_port": 80
              }
            ],
            "name": "lb-1",
            "region_id": "ru-central1",
            "timeouts": null,
            "type": "external"
          },
          "sensitive_attributes": [],
          "private": "eyJlMmJmYjczMC1lY2FhLTExZTYtOGY4OC0zNDM2M2JjN2M0YzAiOnsiY3JlYXRlIjozMDAwMDAwMDAwMDAsImRlbGV0ZSI6MzAwMDAwMDAwMDAwLCJ1cGRhdGUiOjMwMDAwMDAwMDAwMH19",
          "dependencies": [
            "yandex_compute_instance.vm",
            "yandex_lb_target_group.lbgroup-1",
            "yandex_vpc_network.network-1",
            "yandex_vpc_subnet.subnet-1"
          ]
        }
      ]
    },
    {
      "mode": "managed",
      "type": "yandex_lb_target_group",
      "name": "lbgroup-1",
      "provider": "provider[\"registry.terraform.io/yandex-cloud/yandex\"]",
      "instances": [
        {
          "schema_version": 0,
          "attributes": {
            "created_at": "2024-06-02T15:56:44Z",
            "description": "",
            "folder_id": "b1gj6ia0559mol9ufg9k",
            "id": "enpiudv2mlo21gqgln9f",
            "labels": {},
            "name": "lbgroup-1",
            "region_id": "ru-central1",
            "target": [
              {
                "address": "158.160.112.213",
                "subnet_id": "e9b9tpt6dju158oiii25"
              },
              {
                "address": "84.201.134.110",
                "subnet_id": "e9b9tpt6dju158oiii25"
              }
            ],
            "timeouts": null
          },
          "sensitive_attributes": [],
          "private": "eyJlMmJmYjczMC1lY2FhLTExZTYtOGY4OC0zNDM2M2JjN2M0YzAiOnsiY3JlYXRlIjozMDAwMDAwMDAwMDAsImRlbGV0ZSI6MzAwMDAwMDAwMDAwLCJ1cGRhdGUiOjMwMDAwMDAwMDAwMH19",
          "dependencies": [
            "yandex_compute_instance.vm",
            "yandex_vpc_network.network-1",
            "yandex_vpc_subnet.subnet-1"
          ]
        }
      ]
    },
    {
      "mode": "managed",
      "type": "yandex_vpc_network",
      "name": "network-1",
      "provider": "provider[\"registry.terraform.io/yandex-cloud/yandex\"]",
      "instances": [
        {
          "schema_version": 0,
          "attributes": {
            "created_at": "2024-06-02T15:56:08Z",
            "default_security_group_id": "enp5efisict2heqcbu80",
            "description": "",
            "folder_id": "b1gj6ia0559mol9ufg9k",
            "id": "enpgr74kdna3umo8q2nf",
            "labels": {},
            "name": "network1",
            "subnet_ids": [
              "e9b9tpt6dju158oiii25"
            ],
            "timeouts": null
          },
          "sensitive_attributes": [],
          "private": "eyJlMmJmYjczMC1lY2FhLTExZTYtOGY4OC0zNDM2M2JjN2M0YzAiOnsiY3JlYXRlIjo2MDAwMDAwMDAwMCwiZGVsZXRlIjo2MDAwMDAwMDAwMCwidXBkYXRlIjo2MDAwMDAwMDAwMH19"
        }
      ]
    },
    {
      "mode": "managed",
      "type": "yandex_vpc_subnet",
      "name": "subnet-1",
      "provider": "provider[\"registry.terraform.io/yandex-cloud/yandex\"]",
      "instances": [
        {
          "schema_version": 0,
          "attributes": {
            "created_at": "2024-06-02T15:56:09Z",
            "description": "",
            "dhcp_options": [],
            "folder_id": "b1gj6ia0559mol9ufg9k",
            "id": "e9b9tpt6dju158oiii25",
            "labels": {},
            "name": "subnet1",
            "network_id": "enpgr74kdna3umo8q2nf",
            "route_table_id": "",
            "timeouts": null,
            "v4_cidr_blocks": [
              "192.168.10.0/24"
            ],
            "v6_cidr_blocks": [],
            "zone": "ru-central1-a"
          },
          "sensitive_attributes": [],
          "private": "eyJlMmJmYjczMC1lY2FhLTExZTYtOGY4OC0zNDM2M2JjN2M0YzAiOnsiY3JlYXRlIjoxODAwMDAwMDAwMDAsImRlbGV0ZSI6MTgwMDAwMDAwMDAwLCJ1cGRhdGUiOjE4MDAwMDAwMDAwMH19",
          "dependencies": [
            "yandex_vpc_network.network-1"
          ]
        }
      ]
    }
  ],
  "check_results": null
}
